{
  "name": "protokit",
  "version": "0.0.0",
  "lockfileVersion": 2,
  "requires": true,
  "packages": {
    "": {
      "name": "protokit",
      "version": "0.0.0",
      "license": "MIT",
      "workspaces": [
        "packages/*"
      ]
    },
    "node_modules/@digta/fins": {
      "resolved": "packages/fins",
      "link": true
    },
    "node_modules/@digta/mcprotocol": {
      "resolved": "packages/mcprotocol",
      "link": true
    },
    "node_modules/@digta/modbus": {
      "resolved": "packages/modbus",
      "link": true
    },
    "node_modules/@digta/open-protocol": {
      "resolved": "packages/open-protocol",
      "link": true
    },
    "node_modules/omron-fins": {
      "version": "0.5.0",
      "resolved": "https://registry.npmjs.org/omron-fins/-/omron-fins-0.5.0.tgz",
      "integrity": "sha512-cV+DHaDyzdoW9UP1SBOoa+lZHgZfGpvFRGPMMU8daoPk+nFn7b94vOcjz++VDweiVPmrzppI7uEbHE3qrmKM6g==",
      "engines": {
        "node": ">=6.0.0"
      }
    },
    "node_modules/underscore": {
      "version": "1.13.8",
      "resolved": "https://registry.npmjs.org/underscore/-/underscore-1.13.8.tgz",
      "integrity": "sha512-DXtD3ZtEQzc7M8m4cXotyHR+FAS18C64asBYY5vqZexfYryNNnDc02W4hKg3rdQuqOYas1jkseX0+nZXjTXnvQ=="
    },
    "packages/fins": {
      "name": "@digta/fins",
      "version": "1.0.0",
      "license": "MIT",
      "dependencies": {
        "omron-fins": "^0.5.0"
      },
      "bin": {
        "digta-fins": "index.js"
      }
    },
    "packages/mcprotocol": {
      "name": "@digta/mcprotocol",
      "version": "1.0.0",
      "license": "MIT",
      "dependencies": {
        "underscore": "^1.13.1"
      }
    },
    "packages/modbus": {
      "name": "@digta/modbus",
      "version": "1.0.0",
      "license": "MIT"
    },
    "packages/open-protocol": {
      "name": "@digta/open-protocol",
      "version": "1.0.1",
      "license": "MIT"
    },
    "packages/openprotocol": {
      "name": "@digta/openprotocol",
      "version": "0.1.0",
      "extraneous": true,
      "license": "MIT"
    }
  },
  "dependencies": {
    "@digta/fins": {
      "version": "file:packages/fins",
      "requires": {
        "omron-fins": "^0.5.0"
      }
    },
    "@digta/mcprotocol": {
      "version": "file:packages/mcprotocol",
      "requires": {
        "underscore": "^1.13.1"
      }
    },
    "@digta/modbus": {
      "version": "file:packages/modbus"
    },
    "@digta/open-protocol": {
      "version": "file:packages/open-protocol"
    },
    "omron-fins": {
      "version": "0.5.0",
      "resolved": "https://registry.npmjs.org/omron-fins/-/omron-fins-0.5.0.tgz",
      "integrity": "sha512-cV+DHaDyzdoW9UP1SBOoa+lZHgZfGpvFRGPMMU8daoPk+nFn7b94vOcjz++VDweiVPmrzppI7uEbHE3qrmKM6g=="
    },
    "underscore": {
      "version": "1.13.8",
      "resolved": "https://registry.npmjs.org/underscore/-/underscore-1.13.8.tgz",
      "integrity": "sha512-DXtD3ZtEQzc7M8m4cXotyHR+FAS18C64asBYY5vqZexfYryNNnDc02W4hKg3rdQuqOYas1jkseX0+nZXjTXnvQ=="
    }
  }
}
